
Microsoft Visual Studio Solution File, Format Version 12.00
# Visual Studio Version 16
VisualStudioVersion = 16.0.30804.86
MinimumVisualStudioVersion = 10.0.40219.1
Project("{FAE04EC0-301F-11D3-BF4B-00C04F79EFBC}") = "LyEINEGI", "LyEINEGI\LyEINEGI.csproj", "{F942F46E-6ED8-484C-87EE-0755E4290C11}"
EndProject
Global
	GlobalSection(SolutionConfigurationPlatforms) = preSolution
		Debug|Any CPU = Debug|Any CPU
		Release|Any CPU = Release|Any CPU
	EndGlobalSection
	GlobalSection(ProjectConfigurationPlatforms) = postSolution
		{F942F46E-6ED8-484C-87EE-0755E4290C11}.Debug|Any CPU.ActiveCfg = Debug|Any CPU
		{F942F46E-6ED8-484C-87EE-0755E4290C11}.Debug|Any CPU.Build.0 = Debug|Any CPU
		{F942F46E-6ED8-484C-87EE-0755E4290C11}.Release|Any CPU.ActiveCfg = Release|Any CPU
		{F942F46E-6ED8-484C-87EE-0755E4290C11}.Release|Any CPU.Build.0 = Release|Any CPU
	EndGlobalSection
	GlobalSection(SolutionProperties) = preSolution
		HideSolutionNode = FALSE
	EndGlobalSection
	GlobalSection(ExtensibilityGlobals) = postSolution
		SolutionGuid = {DA42D4E1-B97F-47D3-A5BF-4D66C8CA74E5}
	EndGlobalSection
EndGlobal
